{
  "name": "shadow-trader",
  "lockfileVersion": 3,
  "requires": true,
  "packages": {
    "": {
      "dependencies": {
        "@arizeai/openinference-semantic-conventions": "^2.3.0",
        "@opentelemetry/exporter-otlp-http": "^0.26.0",
        "@opentelemetry/semantic-conventions": "^1.41.1"
      }
    },
    "node_modules/@arizeai/openinference-semantic-conventions": {
      "version": "2.3.0",
      "resolved": "https://registry.npmjs.org/@arizeai/openinference-semantic-conventions/-/openinference-semantic-conventions-2.3.0.tgz",
      "integrity": "sha512-O2lRb8crb3dGFB50+Mu+J5pPP+9LzMzvAfS5aQd6D4i9LbCqz4fl8cHpVR6Tz22gj3TA54mwP3wN1ymfVJA+aA==",
      "license": "Apache-2.0"
    },
    "node_modules/@opentelemetry/api": {
      "version": "1.9.1",
      "resolved": "https://registry.npmjs.org/@opentelemetry/api/-/api-1.9.1.tgz",
      "integrity": "sha512-gLyJlPHPZYdAk1JENA9LeHejZe1Ti77/pTeFm/nMXmQH/HFZlcS/O2XJB+L8fkbrNSqhdtlvjBVjxwUYanNH5Q==",
      "license": "Apache-2.0",
      "peer": true,
      "engines": {
        "node": ">=8.0.0"
      }
    },
    "node_modules/@opentelemetry/api-metrics": {
      "version": "0.26.0",
      "resolved": "https://registry.npmjs.org/@opentelemetry/api-metrics/-/api-metrics-0.26.0.tgz",
      "integrity": "sha512-idDSUTx+LRwJiHhVHhdh45SWow5u9lKNDROKu5AMzsIVPI29utH5FfT9vor8qMM6blxWWvlT22HUNdNMWqUQfQ==",
      "deprecated": "Please use @opentelemetry/api >= 1.3.0",
      "license": "Apache-2.0",
      "engines": {
        "node": ">=8.0.0"
      },
      "peerDependencies": {
        "@opentelemetry/api": "^1.0.2"
      }
    },
    "node_modules/@opentelemetry/core": {
      "version": "1.0.0",
      "resolved": "https://registry.npmjs.org/@opentelemetry/core/-/core-1.0.0.tgz",
      "integrity": "sha512-1+qvKilADnSFW4PiXy+f7D22pvfGVxepZ69GcbF8cTcbQTUt7w63xEBWn5f5j92x9I3c0sqbW1RUx5/a4wgzxA==",
      "license": "Apache-2.0",
      "dependencies": {
        "@opentelemetry/semantic-conventions": "1.0.0",
        "semver": "^7.3.5"
      },
      "engines": {
        "node": ">=8.5.0"
      },
      "peerDependencies": {
        "@opentelemetry/api": "^1.0.2"
      }
    },
    "node_modules/@opentelemetry/core/node_modules/@opentelemetry/semantic-conventions": {
      "version": "1.0.0",
      "resolved": "https://registry.npmjs.org/@opentelemetry/semantic-conventions/-/semantic-conventions-1.0.0.tgz",
      "integrity": "sha512-XCZ6ZSmc8FOspxKUU+Ow9UtJeSSRcS5rFBYGpjzix02U2v+X9ofjOjgNRnpvxlSvkccYIhdTuwcvNskmZ46SeA==",
      "license": "Apache-2.0",
      "engines": {
        "node": ">=8.0.0"
      }
    },
    "node_modules/@opentelemetry/exporter-otlp-http": {
      "version": "0.26.0",
      "resolved": "https://registry.npmjs.org/@opentelemetry/exporter-otlp-http/-/exporter-otlp-http-0.26.0.tgz",
      "integrity": "sha512-V3FcUEIVDZ66b3/6vjSBjwwozf/XV5eUXuELNzN8PAvGZH4mw36vaWlaxnGEV8HaZb2hbu2KbRpcOzqxx3tFDA==",
      "deprecated": "Please use trace and metric specific exporters @opentelemetry/exporter-trace-otlp-http and @opentelemetry/exporter-metrics-otlp-http",
      "license": "Apache-2.0",
      "dependencies": {
        "@opentelemetry/api-metrics": "0.26.0",
        "@opentelemetry/core": "1.0.0",
        "@opentelemetry/resources": "1.0.0",
        "@opentelemetry/sdk-metrics-base": "0.26.0",
        "@opentelemetry/sdk-trace-base": "1.0.0"
      },
      "engines": {
        "node": ">=8.0.0"
      },
      "peerDependencies": {
        "@opentelemetry/api": "^1.0.2"
      }
    },
    "node_modules/@opentelemetry/resources": {
      "version": "1.0.0",
      "resolved": "https://registry.npmjs.org/@opentelemetry/resources/-/resources-1.0.0.tgz",
      "integrity": "sha512-ORP8F2LLcJEm5M3H24RmdlMdiDc70ySPushpkrAW34KZGdZXwkrFoFXZhhs5MUxPT+fLrTuBafXxZVr8eHtFuQ==",
      "license": "Apache-2.0",
      "dependencies": {
        "@opentelemetry/core": "1.0.0",
        "@opentelemetry/semantic-conventions": "1.0.0"
      },
      "engines": {
        "node": ">=8.0.0"
      },
      "peerDependencies": {
        "@opentelemetry/api": "^1.0.2"
      }
    },
    "node_modules/@opentelemetry/resources/node_modules/@opentelemetry/semantic-conventions": {
      "version": "1.0.0",
      "resolved": "https://registry.npmjs.org/@opentelemetry/semantic-conventions/-/semantic-conventions-1.0.0.tgz",
      "integrity": "sha512-XCZ6ZSmc8FOspxKUU+Ow9UtJeSSRcS5rFBYGpjzix02U2v+X9ofjOjgNRnpvxlSvkccYIhdTuwcvNskmZ46SeA==",
      "license": "Apache-2.0",
      "engines": {
        "node": ">=8.0.0"
      }
    },
    "node_modules/@opentelemetry/sdk-metrics-base": {
      "version": "0.26.0",
      "resolved": "https://registry.npmjs.org/@opentelemetry/sdk-metrics-base/-/sdk-metrics-base-0.26.0.tgz",
      "integrity": "sha512-PbJsso7Vy/CLATAOyXbt/VP7ZQ2QYnvlq28lhOWaLPw8aqLogMBvidNGRrt7rF4/hfzLT6pMgpAAcit2C/nUMA==",
      "deprecated": "Please use @opentelemetry/sdk-metrics",
      "license": "Apache-2.0",
      "dependencies": {
        "@opentelemetry/api-metrics": "0.26.0",
        "@opentelemetry/core": "1.0.0",
        "@opentelemetry/resources": "1.0.0",
        "lodash.merge": "^4.6.2"
      },
      "engines": {
        "node": ">=8.0.0"
      },
      "peerDependencies": {
        "@opentelemetry/api": "^1.0.2"
      }
    },
    "node_modules/@opentelemetry/sdk-trace-base": {
      "version": "1.0.0",
      "resolved": "https://registry.npmjs.org/@opentelemetry/sdk-trace-base/-/sdk-trace-base-1.0.0.tgz",
      "integrity": "sha512-/rXoyQlDlJTJ4SOVAbP0Gpj89B8oZ2hJApYG2Dq5klkgFAtDifN8271TIzwtM8/ET8HUhgx9eyoUJi42LhIesg==",
      "license": "Apache-2.0",
      "dependencies": {
        "@opentelemetry/core": "1.0.0",
        "@opentelemetry/resources": "1.0.0",
        "@opentelemetry/semantic-conventions": "1.0.0",
        "lodash.merge": "^4.6.2"
      },
      "engines": {
        "node": ">=8.0.0"
      },
      "peerDependencies": {
        "@opentelemetry/api": "^1.0.2"
      }
    },
    "node_modules/@opentelemetry/sdk-trace-base/node_modules/@opentelemetry/semantic-conventions": {
      "version": "1.0.0",
      "resolved": "https://registry.npmjs.org/@opentelemetry/semantic-conventions/-/semantic-conventions-1.0.0.tgz",
      "integrity": "sha512-XCZ6ZSmc8FOspxKUU+Ow9UtJeSSRcS5rFBYGpjzix02U2v+X9ofjOjgNRnpvxlSvkccYIhdTuwcvNskmZ46SeA==",
      "license": "Apache-2.0",
      "engines": {
        "node": ">=8.0.0"
      }
    },
    "node_modules/@opentelemetry/semantic-conventions": {
      "version": "1.41.1",
      "resolved": "https://registry.npmjs.org/@opentelemetry/semantic-conventions/-/semantic-conventions-1.41.1.tgz",
      "integrity": "sha512-/UhIkaZgPutTFmQ7RnIJGgDXZmtEJ7Dvi86xNTFWcnRxVRNk/aotsqDJYeEvDP+FSMB2SdW+pQzNMcWP0rwuNA==",
      "license": "Apache-2.0",
      "engines": {
        "node": ">=14"
      }
    },
    "node_modules/lodash.merge": {
      "version": "4.6.2",
      "resolved": "https://registry.npmjs.org/lodash.merge/-/lodash.merge-4.6.2.tgz",
      "integrity": "sha512-0KpjqXRVvrYyCsX1swR/XTK0va6VQkQM6MNo7PqW77ByjAhoARA8EfrP1N4+KlKj8YS0ZUCtRT/YUuhyYDujIQ==",
      "license": "MIT"
    },
    "node_modules/semver": {
      "version": "7.8.0",
      "resolved": "https://registry.npmjs.org/semver/-/semver-7.8.0.tgz",
      "integrity": "sha512-AcM7dV/5ul4EekoQ29Agm5vri8JNqRyj39o0qpX6vDF2GZrtutZl5RwgD1XnZjiTAfncsJhMI48QQH3sN87YNA==",
      "license": "ISC",
      "bin": {
        "semver": "bin/semver.js"
      },
      "engines": {
        "node": ">=10"
      }
    }
  }
}
